
Microsoft Visual Studio Solution File, Format Version 12.00
# Visual Studio Version 16
VisualStudioVersion = 16.0.31910.168
MinimumVisualStudioVersion = 10.0.40219.1
Project("{FAE04EC0-301F-11D3-BF4B-00C04F79EFBC}") = "Exel_Consolidation_Tool", "Exel_Consolidation_Tool\Exel_Consolidation_Tool.csproj", "{C7785279-7631-4DD4-8B65-26BEB2747BE8}"
EndProject
Global
	GlobalSection(SolutionConfigurationPlatforms) = preSolution
		Debug|Any CPU = Debug|Any CPU
		Release|Any CPU = Release|Any CPU
	EndGlobalSection
	GlobalSection(ProjectConfigurationPlatforms) = postSolution
		{C7785279-7631-4DD4-8B65-26BEB2747BE8}.Debug|Any CPU.ActiveCfg = Debug|Any CPU
		{C7785279-7631-4DD4-8B65-26BEB2747BE8}.Debug|Any CPU.Build.0 = Debug|Any CPU
		{C7785279-7631-4DD4-8B65-26BEB2747BE8}.Release|Any CPU.ActiveCfg = Release|Any CPU
		{C7785279-7631-4DD4-8B65-26BEB2747BE8}.Release|Any CPU.Build.0 = Release|Any CPU
	EndGlobalSection
	GlobalSection(SolutionProperties) = preSolution
		HideSolutionNode = FALSE
	EndGlobalSection
	GlobalSection(ExtensibilityGlobals) = postSolution
		SolutionGuid = {FD35AD2E-9E99-4A81-9353-026A6FA81FDF}
	EndGlobalSection
EndGlobal
